{
  "name": "@wizteam/react-image-editor",
  "version": "3.15.17",
  "lockfileVersion": 2,
  "requires": true,
  "packages": {
    "": {
      "name": "@wizteam/react-image-editor",
      "version": "3.15.17",
      "license": "MIT",
      "dependencies": {
        "@wizteam/tui-image-editor": "^3.15.17",
        "fabric": "^4.2.0"
      },
      "devDependencies": {
        "react": "^17.0.2",
        "react-dom": "^17.0.2"
      },
      "peerDependencies": {
        "react": "^17.0.2"
      }
    },
    "node_modules/@wizteam/tui-image-editor": {
      "version": "3.15.17",
      "resolved": "https://registry.npmjs.org/@wizteam/tui-image-editor/-/tui-image-editor-3.15.17.tgz",
      "integrity": "sha512-KTmDWC2Sb5OBDwufBAUUWWZWw2brGFRRzcYPNKaqfi8iso7/fSqp3itlIDrhHs+AzVVnh4KsZly6/Xvw+mB0tw==",
      "dependencies": {
        "fabric": "^4.2.0",
        "query-string": "^7.0.1",
        "tui-code-snippet": "^1.5.0",
        "tui-color-picker": "^2.2.6"
      }
    },
    "node_modules/decode-uri-component": {
      "version": "0.2.0",
      "resolved": "https://registry.npmjs.org/decode-uri-component/-/decode-uri-component-0.2.0.tgz",
      "integrity": "sha1-6zkTMzRYd1y4TNGh+uBiEGu4dUU=",
      "engines": {
        "node": ">=0.10"
      }
    },
    "node_modules/fabric": {
      "version": "4.6.0",
      "license": "MIT",
      "engines": {
        "node": ">=8.0.0"
      },
      "optionalDependencies": {
        "canvas": "^2.6.1",
        "jsdom": "^15.2.1"
      }
    },
    "node_modules/filter-obj": {
      "version": "1.1.0",
      "resolved": "https://registry.npmjs.org/filter-obj/-/filter-obj-1.1.0.tgz",
      "integrity": "sha1-mzERErxsYSehbgFsbF1/GeCAXFs=",
      "engines": {
        "node": ">=0.10.0"
      }
    },
    "node_modules/query-string": {
      "version": "7.0.1",
      "resolved": "https://registry.npmjs.org/query-string/-/query-string-7.0.1.tgz",
      "integrity": "sha512-uIw3iRvHnk9to1blJCG3BTc+Ro56CBowJXKmNNAm3RulvPBzWLRqKSiiDk+IplJhsydwtuNMHi8UGQFcCLVfkA==",
      "dependencies": {
        "decode-uri-component": "^0.2.0",
        "filter-obj": "^1.1.0",
        "split-on-first": "^1.0.0",
        "strict-uri-encode": "^2.0.0"
      },
      "engines": {
        "node": ">=6"
      },
      "funding": {
        "url": "https://github.com/sponsors/sindresorhus"
      }
    },
    "node_modules/react": {
      "version": "17.0.2",
      "dev": true,
      "license": "MIT",
      "dependencies": {
        "loose-envify": "^1.1.0",
        "object-assign": "^4.1.1"
      },
      "engines": {
        "node": ">=0.10.0"
      }
    },
    "node_modules/react-dom": {
      "version": "17.0.2",
      "dev": true,
      "license": "MIT",
      "dependencies": {
        "loose-envify": "^1.1.0",
        "object-assign": "^4.1.1",
        "scheduler": "^0.20.2"
      },
      "peerDependencies": {
        "react": "17.0.2"
      }
    },
    "node_modules/split-on-first": {
      "version": "1.1.0",
      "resolved": "https://registry.npmjs.org/split-on-first/-/split-on-first-1.1.0.tgz",
      "integrity": "sha512-43ZssAJaMusuKWL8sKUBQXHWOpq8d6CfN/u1p4gUzfJkM05C8rxTmYrkIPTXapZpORA6LkkzcUulJ8FqA7Uudw==",
      "engines": {
        "node": ">=6"
      }
    },
    "node_modules/strict-uri-encode": {
      "version": "2.0.0",
      "resolved": "https://registry.npmjs.org/strict-uri-encode/-/strict-uri-encode-2.0.0.tgz",
      "integrity": "sha1-ucczDHBChi9rFC3CdLvMWGbONUY=",
      "engines": {
        "node": ">=4"
      }
    },
    "node_modules/tui-code-snippet": {
      "version": "1.5.2",
      "resolved": "https://registry.npmjs.org/tui-code-snippet/-/tui-code-snippet-1.5.2.tgz",
      "integrity": "sha512-6UqTlQaaC1KLcmC0HAoq5dtl1G4Fib+R+NC7pmaV7kiIlZ7JqKhUmnOoGRcreAyzd81UTK/vCvhrw9QJskpCFQ=="
    },
    "node_modules/tui-color-picker": {
      "version": "2.2.7",
      "resolved": "https://registry.npmjs.org/tui-color-picker/-/tui-color-picker-2.2.7.tgz",
      "integrity": "sha512-y7gUe6PdVBq8ruZbiOkeaN7N/DX+ogVyLkK53OM4qW5Vrc4pDWYEKlnOBCsPODb4/RSzS9iTd6fXYirXxeakJA=="
    }
  },
  "dependencies": {
    "@wizteam/tui-image-editor": {
      "version": "3.15.17",
      "resolved": "https://registry.npmjs.org/@wizteam/tui-image-editor/-/tui-image-editor-3.15.17.tgz",
      "integrity": "sha512-KTmDWC2Sb5OBDwufBAUUWWZWw2brGFRRzcYPNKaqfi8iso7/fSqp3itlIDrhHs+AzVVnh4KsZly6/Xvw+mB0tw==",
      "requires": {
        "fabric": "^4.2.0",
        "query-string": "^7.0.1",
        "tui-code-snippet": "^1.5.0",
        "tui-color-picker": "^2.2.6"
      }
    },
    "decode-uri-component": {
      "version": "0.2.0",
      "resolved": "https://registry.npmjs.org/decode-uri-component/-/decode-uri-component-0.2.0.tgz",
      "integrity": "sha1-6zkTMzRYd1y4TNGh+uBiEGu4dUU="
    },
    "fabric": {
      "version": "4.6.0",
      "requires": {
        "canvas": "^2.6.1",
        "jsdom": "^15.2.1"
      }
    },
    "filter-obj": {
      "version": "1.1.0",
      "resolved": "https://registry.npmjs.org/filter-obj/-/filter-obj-1.1.0.tgz",
      "integrity": "sha1-mzERErxsYSehbgFsbF1/GeCAXFs="
    },
    "query-string": {
      "version": "7.0.1",
      "resolved": "https://registry.npmjs.org/query-string/-/query-string-7.0.1.tgz",
      "integrity": "sha512-uIw3iRvHnk9to1blJCG3BTc+Ro56CBowJXKmNNAm3RulvPBzWLRqKSiiDk+IplJhsydwtuNMHi8UGQFcCLVfkA==",
      "requires": {
        "decode-uri-component": "^0.2.0",
        "filter-obj": "^1.1.0",
        "split-on-first": "^1.0.0",
        "strict-uri-encode": "^2.0.0"
      }
    },
    "react": {
      "version": "17.0.2",
      "dev": true,
      "requires": {
        "loose-envify": "^1.1.0",
        "object-assign": "^4.1.1"
      }
    },
    "react-dom": {
      "version": "17.0.2",
      "dev": true,
      "requires": {
        "loose-envify": "^1.1.0",
        "object-assign": "^4.1.1",
        "scheduler": "^0.20.2"
      }
    },
    "split-on-first": {
      "version": "1.1.0",
      "resolved": "https://registry.npmjs.org/split-on-first/-/split-on-first-1.1.0.tgz",
      "integrity": "sha512-43ZssAJaMusuKWL8sKUBQXHWOpq8d6CfN/u1p4gUzfJkM05C8rxTmYrkIPTXapZpORA6LkkzcUulJ8FqA7Uudw=="
    },
    "strict-uri-encode": {
      "version": "2.0.0",
      "resolved": "https://registry.npmjs.org/strict-uri-encode/-/strict-uri-encode-2.0.0.tgz",
      "integrity": "sha1-ucczDHBChi9rFC3CdLvMWGbONUY="
    },
    "tui-code-snippet": {
      "version": "1.5.2",
      "resolved": "https://registry.npmjs.org/tui-code-snippet/-/tui-code-snippet-1.5.2.tgz",
      "integrity": "sha512-6UqTlQaaC1KLcmC0HAoq5dtl1G4Fib+R+NC7pmaV7kiIlZ7JqKhUmnOoGRcreAyzd81UTK/vCvhrw9QJskpCFQ=="
    },
    "tui-color-picker": {
      "version": "2.2.7",
      "resolved": "https://registry.npmjs.org/tui-color-picker/-/tui-color-picker-2.2.7.tgz",
      "integrity": "sha512-y7gUe6PdVBq8ruZbiOkeaN7N/DX+ogVyLkK53OM4qW5Vrc4pDWYEKlnOBCsPODb4/RSzS9iTd6fXYirXxeakJA=="
    }
  }
}
